// !$*UTF8*$!
{
	archiveVersion = 1;
	classes = {
	};
	objectVersion = 56;
	objects = {

/* Begin PBXBuildFile section */
		489CC5FA2AF80FF600E038E1 /* AppDelegate.m in Sources */ = {isa = PBXBuildFile; fileRef = 489CC5F92AF80FF600E038E1 /* AppDelegate.m */; };
		489CC5FD2AF80FF600E038E1 /* SceneDelegate.m in Sources */ = {isa = PBXBuildFile; fileRef = 489CC5FC2AF80FF600E038E1 /* SceneDelegate.m */; };
		489CC6002AF80FF600E038E1 /* ViewController.m in Sources */ = {isa = PBXBuildFile; fileRef = 489CC5FF2AF80FF600E038E1 /* ViewController.m */; };
		489CC6032AF80FF600E038E1 /* Main.storyboard in Resources */ = {isa = PBXBuildFile; fileRef = 489CC6012AF80FF600E038E1 /* Main.storyboard */; };
		489CC6052AF80FF800E038E1 /* Assets.xcassets in Resources */ = {isa = PBXBuildFile; fileRef = 489CC6042AF80FF800E038E1 /* Assets.xcassets */; };
		489CC6082AF80FF800E038E1 /* LaunchScreen.storyboard in Resources */ = {isa = PBXBuildFile; fileRef = 489CC6062AF80FF800E038E1 /* LaunchScreen.storyboard */; };
		489CC60B2AF80FF800E038E1 /* main.m in Sources */ = {isa = PBXBuildFile; fileRef = 489CC60A2AF80FF800E038E1 /* main.m */; };
		489CC6132AF81CB000E038E1 /* SecondViewController.m in Sources */ = {isa = PBXBuildFile; fileRef = 489CC6122AF81CB000E038E1 /* SecondViewController.m */; };
/* End PBXBuildFile section */

/* Begin PBXFileReference section */
		489CC5F52AF80FF600E038E1 /* Zadanie4.app */ = {isa = PBXFileReference; explicitFileType = wrapper.application; includeInIndex = 0; path = Zadanie4.app; sourceTree = BUILT_PRODUCTS_DIR; };
		489CC5F82AF80FF600E038E1 /* AppDelegate.h */ = {isa = PBXFileReference; lastKnownFileType = sourcecode.c.h; path = AppDelegate.h; sourceTree = "<group>"; };
		489CC5F92AF80FF600E038E1 /* AppDelegate.m */ = {isa = PBXFileReference; lastKnownFileType = sourcecode.c.objc; path = AppDelegate.m; sourceTree = "<group>"; };
		489CC5FB2AF80FF600E038E1 /* SceneDelegate.h */ = {isa = PBXFileReference; lastKnownFileType = sourcecode.c.h; path = SceneDelegate.h; sourceTree = "<group>"; };
		489CC5FC2AF80FF600E038E1 /* SceneDelegate.m */ = {isa = PBXFileReference; lastKnownFileType = sourcecode.c.objc; path = SceneDelegate.m; sourceTree = "<group>"; };
		489CC5FE2AF80FF600E038E1 /* ViewController.h */ = {isa = PBXFileReference; lastKnownFileType = sourcecode.c.h; path = ViewController.h; sourceTree = "<group>"; };
		489CC5FF2AF80FF600E038E1 /* ViewController.m */ = {isa = PBXFileReference; lastKnownFileType = sourcecode.c.objc; path = ViewController.m; sourceTree = "<group>"; };
		489CC6022AF80FF600E038E1 /* Base */ = {isa = PBXFileReference; lastKnownFileType = file.storyboard; name = Base; path = Base.lproj/Main.storyboard; sourceTree = "<group>"; };
		489CC6042AF80FF800E038E1 /* Assets.xcassets */ = {isa = PBXFileReference; lastKnownFileType = folder.assetcatalog; path = Assets.xcassets; sourceTree = "<group>"; };
		489CC6072AF80FF800E038E1 /* Base */ = {isa = PBXFileReference; lastKnownFileType = file.storyboard; name = Base; path = Base.lproj/LaunchScreen.storyboard; sourceTree = "<group>"; };
		489CC6092AF80FF800E038E1 /* Info.plist */ = {isa = PBXFileReference; lastKnownFileType = text.plist.xml; path = Info.plist; sourceTree = "<group>"; };
		489CC60A2AF80FF800E038E1 /* main.m */ = {isa = PBXFileReference; lastKnownFileType = sourcecode.c.objc; path = main.m; sourceTree = "<group>"; };
		489CC6112AF81CAF00E038E1 /* SecondViewController.h */ = {isa = PBXFileReference; lastKnownFileType = sourcecode.c.h; path = SecondViewController.h; sourceTree = "<group>"; };
		489CC6122AF81CB000E038E1 /* SecondViewController.m */ = {isa = PBXFileReference; lastKnownFileType = sourcecode.c.objc; path = SecondViewController.m; sourceTree = "<group>"; };
/* End PBXFileReference section */

/* Begin PBXFrameworksBuildPhase section */
		489CC5F22AF80FF600E038E1 /* Frameworks */ = {
			isa = PBXFrameworksBuildPhase;
			buildActionMask = 2147483647;
			files = (
			);
			runOnlyForDeploymentPostprocessing = 0;
		};
/* End PBXFrameworksBuildPhase section */

/* Begin PBXGroup section */
		489CC5EC2AF80FF600E038E1 = {
			isa = PBXGroup;
			children = (
				489CC5F72AF80FF600E038E1 /* Zadanie4 */,
				489CC5F62AF80FF600E038E1 /* Products */,
			);
			sourceTree = "<group>";
		};
		489CC5F62AF80FF600E038E1 /* Products */ = {
			isa = PBXGroup;
			children = (
				489CC5F52AF80FF600E038E1 /* Zadanie4.app */,
			);
			name = Products;
			sourceTree = "<group>";
		};
		489CC5F72AF80FF600E038E1 /* Zadanie4 */ = {
			isa = PBXGroup;
			children = (
				489CC5F82AF80FF600E038E1 /* AppDelegate.h */,
				489CC5F92AF80FF600E038E1 /* AppDelegate.m */,
				489CC5FB2AF80FF600E038E1 /* SceneDelegate.h */,
				489CC5FC2AF80FF600E038E1 /* SceneDelegate.m */,
				489CC5FE2AF80FF600E038E1 /* ViewController.h */,
				489CC5FF2AF80FF600E038E1 /* ViewController.m */,
				489CC6112AF81CAF00E038E1 /* SecondViewController.h */,
				489CC6122AF81CB000E038E1 /* SecondViewController.m */,
				489CC6012AF80FF600E038E1 /* Main.storyboard */,
				489CC6042AF80FF800E038E1 /* Assets.xcassets */,
				489CC6062AF80FF800E038E1 /* LaunchScreen.storyboard */,
				489CC6092AF80FF800E038E1 /* Info.plist */,
				489CC60A2AF80FF800E038E1 /* main.m */,
			);
			path = Zadanie4;
			sourceTree = "<group>";
		};
/* End PBXGroup section */

/* Begin PBXNativeTarget section */
		489CC5F42AF80FF600E038E1 /* Zadanie4 */ = {
			isa = PBXNativeTarget;
			buildConfigurationList = 489CC60E2AF80FF800E038E1 /* Build configuration list for PBXNativeTarget "Zadanie4" */;
			buildPhases = (
				489CC5F12AF80FF600E038E1 /* Sources */,
				489CC5F22AF80FF600E038E1 /* Frameworks */,
				489CC5F32AF80FF600E038E1 /* Resources */,
			);
			buildRules = (
			);
			dependencies = (
			);
			name = Zadanie4;
			productName = Zadanie4;
			productReference = 489CC5F52AF80FF600E038E1 /* Zadanie4.app */;
			productType = "com.apple.product-type.application";
		};
/* End PBXNativeTarget section */

/* Begin PBXProject section */
		489CC5ED2AF80FF600E038E1 /* Project object */ = {
			isa = PBXProject;
			attributes = {
				BuildIndependentTargetsInParallel = 1;
				LastUpgradeCheck = 1500;
				TargetAttributes = {
					489CC5F42AF80FF600E038E1 = {
						CreatedOnToolsVersion = 15.0.1;
					};
				};
			};
			buildConfigurationList = 489CC5F02AF80FF600E038E1 /* Build configuration list for PBXProject "Zadanie4" */;
			compatibilityVersion = "Xcode 14.0";
			developmentRegion = en;
			hasScannedForEncodings = 0;
			knownRegions = (
				en,
				Base,
			);
			mainGroup = 489CC5EC2AF80FF600E038E1;
			productRefGroup = 489CC5F62AF80FF600E038E1 /* Products */;
			projectDirPath = "";
			projectRoot = "";
			targets = (
				489CC5F42AF80FF600E038E1 /* Zadanie4 */,
			);
		};
/* End PBXProject section */

/* Begin PBXResourcesBuildPhase section */
		489CC5F32AF80FF600E038E1 /* Resources */ = {
			isa = PBXResourcesBuildPhase;
			buildActionMask = 2147483647;
			files = (
				489CC6082AF80FF800E038E1 /* LaunchScreen.storyboard in Resources */,
				489CC6052AF80FF800E038E1 /* Assets.xcassets in Resources */,
				489CC6032AF80FF600E038E1 /* Main.storyboard in Resources */,
			);
			runOnlyForDeploymentPostprocessing = 0;
		};
/* End PBXResourcesBuildPhase section */

/* Begin PBXSourcesBuildPhase section */
		489CC5F12AF80FF600E038E1 /* Sources */ = {
			isa = PBXSourcesBuildPhase;
			buildActionMask = 2147483647;
			files = (
				489CC6132AF81CB000E038E1 /* SecondViewController.m in Sources */,
				489CC6002AF80FF600E038E1 /* ViewController.m in Sources */,
				489CC5FA2AF80FF600E038E1 /* AppDelegate.m in Sources */,
				489CC60B2AF80FF800E038E1 /* main.m in Sources */,
				489CC5FD2AF80FF600E038E1 /* SceneDelegate.m in Sources */,
			);
			runOnlyForDeploymentPostprocessing = 0;
		};
/* End PBXSourcesBuildPhase section */

/* Begin PBXVariantGroup section */
		489CC6012AF80FF600E038E1 /* Main.storyboard */ = {
			isa = PBXVariantGroup;
			children = (
				489CC6022AF80FF600E038E1 /* Base */,
			);
			name = Main.storyboard;
			sourceTree = "<group>";
		};
		489CC6062AF80FF800E038E1 /* LaunchScreen.storyboard */ = {
			isa = PBXVariantGroup;
			children = (
				489CC6072AF80FF800E038E1 /* Base */,
			);
			name = LaunchScreen.storyboard;
			sourceTree = "<group>";
		};
/* End PBXVariantGroup section */

/* Begin XCBuildConfiguration section */
		489CC60C2AF80FF800E038E1 /* Debug */ = {
			isa = XCBuildConfiguration;
			buildSettings = {
				ALWAYS_SEARCH_USER_PATHS = NO;
				ASSETCATALOG_COMPILER_GENERATE_SWIFT_ASSET_SYMBOL_EXTENSIONS = YES;
				CLANG_ANALYZER_NONNULL = YES;
				CLANG_ANALYZER_NUMBER_OBJECT_CONVERSION = YES_AGGRESSIVE;
				CLANG_CXX_LANGUAGE_STANDARD = "gnu++20";
				CLANG_ENABLE_MODULES = YES;
				CLANG_ENABLE_OBJC_ARC = YES;
				CLANG_ENABLE_OBJC_WEAK = YES;
				CLANG_WARN_BLOCK_CAPTURE_AUTORELEASING = YES;
				CLANG_WARN_BOOL_CONVERSION = YES;
				CLANG_WARN_COMMA = YES;
				CLANG_WARN_CONSTANT_CONVERSION = YES;
				CLANG_WARN_DEPRECATED_OBJC_IMPLEMENTATIONS = YES;
				CLANG_WARN_DIRECT_OBJC_ISA_USAGE = YES_ERROR;
				CLANG_WARN_DOCUMENTATION_COMMENTS = YES;
				CLANG_WARN_EMPTY_BODY = YES;
				CLANG_WARN_ENUM_CONVERSION = YES;
				CLANG_WARN_INFINITE_RECURSION = YES;
				CLANG_WARN_INT_CONVERSION = YES;
				CLANG_WARN_NON_LITERAL_NULL_CONVERSION = YES;
				CLANG_WARN_OBJC_IMPLICIT_RETAIN_SELF = YES;
				CLANG_WARN_OBJC_LITERAL_CONVERSION = YES;
				CLANG_WARN_OBJC_ROOT_CLASS = YES_ERROR;
				CLANG_WARN_QUOTED_INCLUDE_IN_FRAMEWORK_HEADER = YES;
				CLANG_WARN_RANGE_LOOP_ANALYSIS = YES;
				CLANG_WARN_STRICT_PROTOTYPES = YES;
				CLANG_WARN_SUSPICIOUS_MOVE = YES;
				CLANG_WARN_UNGUARDED_AVAILABILITY = YES_AGGRESSIVE;
				CLANG_WARN_UNREACHABLE_CODE = YES;
				CLANG_WARN__DUPLICATE_METHOD_MATCH = YES;
				COPY_PHASE_STRIP = NO;
				DEBUG_INFORMATION_FORMAT = dwarf;
				ENABLE_STRICT_OBJC_MSGSEND = YES;
				ENABLE_TESTABILITY = YES;
				ENABLE_USER_SCRIPT_SANDBOXING = YES;
				GCC_C_LANGUAGE_STANDARD = gnu17;
				GCC_DYNAMIC_NO_PIC = NO;
				GCC_NO_COMMON_BLOCKS = YES;
				GCC_OPTIMIZATION_LEVEL = 0;
				GCC_PREPROCESSOR_DEFINITIONS = (
					"DEBUG=1",
					"$(inherited)",
				);
				GCC_WARN_64_TO_32_BIT_CONVERSION = YES;
				GCC_WARN_ABOUT_RETURN_TYPE = YES_ERROR;
				GCC_WARN_UNDECLARED_SELECTOR = YES;
				GCC_WARN_UNINITIALIZED_AUTOS = YES_AGGRESSIVE;
				GCC_WARN_UNUSED_FUNCTION = YES;
				GCC_WARN_UNUSED_VARIABLE = YES;
				IPHONEOS_DEPLOYMENT_TARGET = 17.0;
				LOCALIZATION_PREFERS_STRING_CATALOGS = YES;
				MTL_ENABLE_DEBUG_INFO = INCLUDE_SOURCE;
				MTL_FAST_MATH = YES;
				ONLY_ACTIVE_ARCH = YES;
				SDKROOT = iphoneos;
			};
			name = Debug;
		};
		489CC60D2AF80FF800E038E1 /* Release */ = {
			isa = XCBuildConfiguration;
			buildSettings = {
				ALWAYS_SEARCH_USER_PATHS = NO;
				ASSETCATALOG_COMPILER_GENERATE_SWIFT_ASSET_SYMBOL_EXTENSIONS = YES;
				CLANG_ANALYZER_NONNULL = YES;
				CLANG_ANALYZER_NUMBER_OBJECT_CONVERSION = YES_AGGRESSIVE;
				CLANG_CXX_LANGUAGE_STANDARD = "gnu++20";
				CLANG_ENABLE_MODULES = YES;
				CLANG_ENABLE_OBJC_ARC = YES;
				CLANG_ENABLE_OBJC_WEAK = YES;
				CLANG_WARN_BLOCK_CAPTURE_AUTORELEASING = YES;
				CLANG_WARN_BOOL_CONVERSION = YES;
				CLANG_WARN_COMMA = YES;
				CLANG_WARN_CONSTANT_CONVERSION = YES;
				CLANG_WARN_DEPRECATED_OBJC_IMPLEMENTATIONS = YES;
				CLANG_WARN_DIRECT_OBJC_ISA_USAGE = YES_ERROR;
				CLANG_WARN_DOCUMENTATION_COMMENTS = YES;
				CLANG_WARN_EMPTY_BODY = YES;
				CLANG_WARN_ENUM_CONVERSION = YES;
				CLANG_WARN_INFINITE_RECURSION = YES;
				CLANG_WARN_INT_CONVERSION = YES;
				CLANG_WARN_NON_LITERAL_NULL_CONVERSION = YES;
				CLANG_WARN_OBJC_IMPLICIT_RETAIN_SELF = YES;
				CLANG_WARN_OBJC_LITERAL_CONVERSION = YES;
				CLANG_WARN_OBJC_ROOT_CLASS = YES_ERROR;
				CLANG_WARN_QUOTED_INCLUDE_IN_FRAMEWORK_HEADER = YES;
				CLANG_WARN_RANGE_LOOP_ANALYSIS = YES;
				CLANG_WARN_STRICT_PROTOTYPES = YES;
				CLANG_WARN_SUSPICIOUS_MOVE = YES;
				CLANG_WARN_UNGUARDED_AVAILABILITY = YES_AGGRESSIVE;
				CLANG_WARN_UNREACHABLE_CODE = YES;
				CLANG_WARN__DUPLICATE_METHOD_MATCH = YES;
				COPY_PHASE_STRIP = NO;
				DEBUG_INFORMATION_FORMAT = "dwarf-with-dsym";
				ENABLE_NS_ASSERTIONS = NO;
				ENABLE_STRICT_OBJC_MSGSEND = YES;
				ENABLE_USER_SCRIPT_SANDBOXING = YES;
				GCC_C_LANGUAGE_STANDARD = gnu17;
				GCC_NO_COMMON_BLOCKS = YES;
				GCC_WARN_64_TO_32_BIT_CONVERSION = YES;
				GCC_WARN_ABOUT_RETURN_TYPE = YES_ERROR;
				GCC_WARN_UNDECLARED_SELECTOR = YES;
				GCC_WARN_UNINITIALIZED_AUTOS = YES_AGGRESSIVE;
				GCC_WARN_UNUSED_FUNCTION = YES;
				GCC_WARN_UNUSED_VARIABLE = YES;
				IPHONEOS_DEPLOYMENT_TARGET = 17.0;
				LOCALIZATION_PREFERS_STRING_CATALOGS = YES;
				MTL_ENABLE_DEBUG_INFO = NO;
				MTL_FAST_MATH = YES;
				SDKROOT = iphoneos;
				VALIDATE_PRODUCT = YES;
			};
			name = Release;
		};
		489CC60F2AF80FF800E038E1 /* Debug */ = {
			isa = XCBuildConfiguration;
			buildSettings = {
				ASSETCATALOG_COMPILER_APPICON_NAME = AppIcon;
				ASSETCATALOG_COMPILER_GLOBAL_ACCENT_COLOR_NAME = AccentColor;
				CODE_SIGN_STYLE = Automatic;
				CURRENT_PROJECT_VERSION = 1;
				GENERATE_INFOPLIST_FILE = YES;
				INFOPLIST_FILE = Zadanie4/Info.plist;
				INFOPLIST_KEY_UIApplicationSupportsIndirectInputEvents = YES;
				INFOPLIST_KEY_UILaunchStoryboardName = LaunchScreen;
				INFOPLIST_KEY_UIMainStoryboardFile = Main;
				INFOPLIST_KEY_UISupportedInterfaceOrientations_iPad = "UIInterfaceOrientationPortrait UIInterfaceOrientationPortraitUpsideDown UIInterfaceOrientationLandscapeLeft UIInterfaceOrientationLandscapeRight";
				INFOPLIST_KEY_UISupportedInterfaceOrientations_iPhone = "UIInterfaceOrientationPortrait UIInterfaceOrientationLandscapeLeft UIInterfaceOrientationLandscapeRight";
				LD_RUNPATH_SEARCH_PATHS = (
					"$(inherited)",
					"@executable_path/Frameworks",
				);
				MARKETING_VERSION = 1.0;
				PRODUCT_BUNDLE_IDENTIFIER = ios.Zadanie4;
				PRODUCT_NAME = "$(TARGET_NAME)";
				SWIFT_EMIT_LOC_STRINGS = YES;
				TARGETED_DEVICE_FAMILY = "1,2";
			};
			name = Debug;
		};
		489CC6102AF80FF800E038E1 /* Release */ = {
			isa = XCBuildConfiguration;
			buildSettings = {
				ASSETCATALOG_COMPILER_APPICON_NAME = AppIcon;
				ASSETCATALOG_COMPILER_GLOBAL_ACCENT_COLOR_NAME = AccentColor;
				CODE_SIGN_STYLE = Automatic;
				CURRENT_PROJECT_VERSION = 1;
				GENERATE_INFOPLIST_FILE = YES;
				INFOPLIST_FILE = Zadanie4/Info.plist;
				INFOPLIST_KEY_UIApplicationSupportsIndirectInputEvents = YES;
				INFOPLIST_KEY_UILaunchStoryboardName = LaunchScreen;
				INFOPLIST_KEY_UIMainStoryboardFile = Main;
				INFOPLIST_KEY_UISupportedInterfaceOrientations_iPad = "UIInterfaceOrientationPortrait UIInterfaceOrientationPortraitUpsideDown UIInterfaceOrientationLandscapeLeft UIInterfaceOrientationLandscapeRight";
				INFOPLIST_KEY_UISupportedInterfaceOrientations_iPhone = "UIInterfaceOrientationPortrait UIInterfaceOrientationLandscapeLeft UIInterfaceOrientationLandscapeRight";
				LD_RUNPATH_SEARCH_PATHS = (
					"$(inherited)",
					"@executable_path/Frameworks",
				);
				MARKETING_VERSION = 1.0;
				PRODUCT_BUNDLE_IDENTIFIER = ios.Zadanie4;
				PRODUCT_NAME = "$(TARGET_NAME)";
				SWIFT_EMIT_LOC_STRINGS = YES;
				TARGETED_DEVICE_FAMILY = "1,2";
			};
			name = Release;
		};
/* End XCBuildConfiguration section */

/* Begin XCConfigurationList section */
		489CC5F02AF80FF600E038E1 /* Build configuration list for PBXProject "Zadanie4" */ = {
			isa = XCConfigurationList;
			buildConfigurations = (
				489CC60C2AF80FF800E038E1 /* Debug */,
				489CC60D2AF80FF800E038E1 /* Release */,
			);
			defaultConfigurationIsVisible = 0;
			defaultConfigurationName = Release;
		};
		489CC60E2AF80FF800E038E1 /* Build configuration list for PBXNativeTarget "Zadanie4" */ = {
			isa = XCConfigurationList;
			buildConfigurations = (
				489CC60F2AF80FF800E038E1 /* Debug */,
				489CC6102AF80FF800E038E1 /* Release */,
			);
			defaultConfigurationIsVisible = 0;
			defaultConfigurationName = Release;
		};
/* End XCConfigurationList section */
	};
	rootObject = 489CC5ED2AF80FF600E038E1 /* Project object */;
}
